{
  "name": "ares-generator",
  "version": "0.2.2",
  "dependencies": {
    "async": {
      "version": "0.2.9",
      "from": "async@0.2.9"
    },
    "mkdirp": {
      "version": "0.3.5",
      "from": "mkdirp@0.3.x"
    },
    "npmlog": {
      "version": "0.0.4",
      "from": "npmlog@0.0.4",
      "resolved": "https://registry.npmjs.org/npmlog/-/npmlog-0.0.4.tgz",
      "dependencies": {
        "ansi": {
          "version": "0.1.2",
          "from": "ansi@~0.1.2"
        }
      }
    },
    "request": {
      "version": "2.26.0",
      "from": "request@2.26.0",
      "dependencies": {
        "qs": {
          "version": "0.6.5",
          "from": "qs@~0.6.0"
        },
        "json-stringify-safe": {
          "version": "5.0.0",
          "from": "json-stringify-safe@~5.0.0"
        },
        "forever-agent": {
          "version": "0.5.0",
          "from": "forever-agent@~0.5.0"
        },
        "tunnel-agent": {
          "version": "0.3.0",
          "from": "tunnel-agent@~0.3.0"
        },
        "http-signature": {
          "version": "0.10.0",
          "from": "http-signature@~0.10.0",
          "dependencies": {
            "assert-plus": {
              "version": "0.1.2",
              "from": "assert-plus@0.1.2"
            },
            "asn1": {
              "version": "0.1.11",
              "from": "asn1@0.1.11"
            },
            "ctype": {
              "version": "0.5.2",
              "from": "ctype@0.5.2"
            }
          }
        },
        "hawk": {
          "version": "1.0.0",
          "from": "hawk@~1.0.0",
          "dependencies": {
            "hoek": {
              "version": "0.9.1",
              "from": "hoek@0.9.x"
            },
            "boom": {
              "version": "0.4.2",
              "from": "boom@0.4.x"
            },
            "cryptiles": {
              "version": "0.2.2",
              "from": "cryptiles@0.2.x"
            },
            "sntp": {
              "version": "0.2.4",
              "from": "sntp@0.2.x"
            }
          }
        },
        "aws-sign": {
          "version": "0.3.0",
          "from": "aws-sign@~0.3.0"
        },
        "oauth-sign": {
          "version": "0.3.0",
          "from": "oauth-sign@~0.3.0"
        },
        "cookie-jar": {
          "version": "0.3.0",
          "from": "cookie-jar@~0.3.0"
        },
        "node-uuid": {
          "version": "1.4.0",
          "from": "node-uuid@~1.4.0"
        },
        "mime": {
          "version": "1.2.10",
          "from": "mime@~1.2.9"
        },
        "form-data": {
          "version": "0.1.0",
          "from": "form-data@~0.1.0",
          "dependencies": {
            "combined-stream": {
              "version": "0.0.4",
              "from": "combined-stream@~0.0.4",
              "dependencies": {
                "delayed-stream": {
                  "version": "0.0.5",
                  "from": "delayed-stream@0.0.5"
                }
              }
            }
          }
        }
      }
    },
    "rimraf": {
      "version": "2.2.2",
      "from": "rimraf@2.2.2",
      "dependencies": {
        "graceful-fs": {
          "version": "2.0.0",
          "from": "graceful-fs@~2"
        }
      }
    },
    "shelljs": {
      "version": "0.1.4",
      "from": "shelljs@0.1.x"
    },
    "temp": {
      "version": "0.5.1",
      "from": "temp@0.5.1",
      "dependencies": {
        "rimraf": {
          "version": "2.1.4",
          "from": "rimraf@~2.1.4",
          "dependencies": {
            "graceful-fs": {
              "version": "1.2.3",
              "from": "graceful-fs@~1"
            }
          }
        }
      }
    },
    "unzip": {
      "version": "0.1.7-1",
      "dependencies": {
        "fstream": {
          "version": "0.1.24",
          "from": "fstream@~0.1.21",
          "dependencies": {
            "rimraf": {
              "version": "2.2.2",
              "from": "rimraf@2"
            },
            "mkdirp": {
              "version": "0.3.5",
              "from": "mkdirp@~0.3"
            },
            "graceful-fs": {
              "version": "2.0.0",
              "from": "graceful-fs@~2.0.0"
            },
            "inherits": {
              "version": "2.0.0",
              "from": "inherits@~2.0.0"
            }
          }
        },
        "pullstream": {
          "version": "0.4.0",
          "from": "pullstream@~0.4.0",
          "dependencies": {
            "over": {
              "version": "0.0.5",
              "from": "over@~0.0.5"
            },
            "slice-stream": {
              "version": "0.0.0",
              "from": "slice-stream@0.0.0"
            }
          }
        },
        "binary": {
          "version": "0.3.0",
          "from": "binary@~0.3.0",
          "dependencies": {
            "chainsaw": {
              "version": "0.1.0",
              "from": "chainsaw@~0.1.0",
              "dependencies": {
                "traverse": {
                  "version": "0.3.9",
                  "from": "traverse@>=0.3.0 <0.4"
                }
              }
            },
            "buffers": {
              "version": "0.1.1",
              "from": "buffers@~0.1.1"
            }
          }
        },
        "readable-stream": {
          "version": "1.0.15",
          "from": "readable-stream@~1.0.0"
        },
        "setimmediate": {
          "version": "1.0.1",
          "from": "setimmediate@~1.0.1"
        },
        "match-stream": {
          "version": "0.0.2",
          "from": "match-stream@git://github.com/EvanOxfeld/match-stream.git#callback-on-finish-wip",
          "resolved": "git://github.com/EvanOxfeld/match-stream.git#070b5202a3a9250551ecab83c24f95f3bcf6a938",
          "dependencies": {
            "buffers": {
              "version": "0.1.1",
              "from": "buffers@~0.1.1"
            }
          }
        },
        "stream-buffers": {
          "version": "0.2.5",
          "from": "stream-buffers@~0.2.3"
        },
        "temp": {
          "version": "0.4.0",
          "from": "temp@~0.4.0"
        },
        "dirdiff": {
          "version": "0.0.1",
          "from": "dirdiff@~0.0.1",
          "dependencies": {
            "glob": {
              "version": "3.1.21",
              "from": "glob@~3.1.12",
              "dependencies": {
                "minimatch": {
                  "version": "0.2.12",
                  "from": "minimatch@~0.2.11",
                  "dependencies": {
                    "lru-cache": {
                      "version": "2.3.0",
                      "from": "lru-cache@2"
                    },
                    "sigmund": {
                      "version": "1.0.0",
                      "from": "sigmund@~1.0.0"
                    }
                  }
                },
                "graceful-fs": {
                  "version": "1.2.3",
                  "from": "graceful-fs@~1.2.0"
                },
                "inherits": {
                  "version": "1.0.0",
                  "from": "inherits@1"
                }
              }
            }
          }
        },
        "tap": {
          "version": "0.3.3",
          "from": "tap@~0.3.0",
          "dependencies": {
            "inherits": {
              "version": "1.0.0"
            },
            "yamlish": {
              "version": "0.0.5"
            },
            "slide": {
              "version": "1.1.4",
              "from": "slide@*"
            },
            "runforcover": {
              "version": "0.0.2",
              "from": "runforcover@~0.0.2",
              "dependencies": {
                "bunker": {
                  "version": "0.1.2",
                  "from": "bunker@0.1.X",
                  "dependencies": {
                    "burrito": {
                      "version": "0.2.12",
                      "from": "burrito@>=0.2.5 <0.3",
                      "dependencies": {
                        "traverse": {
                          "version": "0.5.2",
                          "from": "traverse@~0.5.1"
                        },
                        "uglify-js": {
                          "version": "1.1.1",
                          "from": "uglify-js@~1.1.1"
                        }
                      }
                    }
                  }
                }
              }
            },
            "nopt": {
              "version": "2.1.2",
              "from": "nopt@~2",
              "dependencies": {
                "abbrev": {
                  "version": "1.0.4",
                  "from": "abbrev@1"
                }
              }
            },
            "mkdirp": {
              "version": "0.3.5",
              "from": "mkdirp@~0.3"
            },
            "difflet": {
              "version": "0.2.6",
              "from": "difflet@~0.2.0",
              "dependencies": {
                "traverse": {
                  "version": "0.6.3",
                  "from": "traverse@0.6.x"
                },
                "charm": {
                  "version": "0.1.2",
                  "from": "charm@0.1.x"
                },
                "deep-is": {
                  "version": "0.1.2",
                  "from": "deep-is@0.1.x"
                }
              }
            },
            "deep-equal": {
              "version": "0.0.0",
              "from": "deep-equal@~0.0.0"
            },
            "buffer-equal": {
              "version": "0.0.0",
              "from": "buffer-equal@~0.0.0"
            }
          }
        }
      }
    }
  }
}
